# THIS IS AN AUTOGENERATED FILE. DO NOT EDIT THIS FILE DIRECTLY.
# yarn lockfile v1


"@pixi/app@^6.5.1":
  version "6.5.1"
  resolved "https://registry.yarnpkg.com/@pixi/app/-/app-6.5.1.tgz#d673fb946adc01cf6390fee9172577f1ab78e98b"
  integrity sha512-JBD5T21S2N8CVR2dXuvWzMFRNO24rbMa15qGekcItuCpw7VWe1oxEPxquxsbKlBL2Zanr+J69wW8ZIQd8yQAGA==

"@pixi/constants@^6.5.1":
  version "6.5.1"
  resolved "https://registry.yarnpkg.com/@pixi/constants/-/constants-6.5.1.tgz#a1ab02f94d0dd00fbc47d5384cce30994f014560"
  integrity sha512-xhiCvpGtWlEKEuxRjygnjtfkOxW/FFDpJpwYjygfNr2WL+K6r8dfLl5VB89Au1dtp+akRqBo9AqO5gEZ0TaXzA==

"@pixi/core@^6.5.1":
  version "6.5.1"
  resolved "https://registry.yarnpkg.com/@pixi/core/-/core-6.5.1.tgz#1b732fceeed2dba5247ace06e13f56500b230d0f"
  integrity sha512-TEn9mpidJKutmxAS4r3Yn39oZX1L2da1MVOQGQjW+NUdpGyVFweLGRPRKR+rV7xtXcU33jKDm8ZZaDgafO1hag==
  dependencies:
    "@types/offscreencanvas" "^2019.6.4"

"@pixi/display@^6.5.1":
  version "6.5.1"
  resolved "https://registry.yarnpkg.com/@pixi/display/-/display-6.5.1.tgz#5e21a794008a0d2359fbee784b2e8a6baa7e1c43"
  integrity sha512-2NzEEaqdKHNpLwJxOsVq1VIYozNGfq4RCLEiXN90CVIp8021i6Fzr0JoVx16Eio3rSBXk9xMmSdw3esEtf8Bmw==

"@pixi/interaction@^6.5.1":
  version "6.5.1"
  resolved "https://registry.yarnpkg.com/@pixi/interaction/-/interaction-6.5.1.tgz#ba28d61144aa88b88dbb36238cabdf59b03fa201"
  integrity sha512-JVQ4SAr1ykE7nJZpoROnexscRI8QYx5T8fyXwVlXxAFdpX5mtBqOlCpYOVCs8wtu6dP0R7EDlfpf5ARh1JZwvQ==

"@pixi/loaders@^6.5.1":
  version "6.5.1"
  resolved "https://registry.yarnpkg.com/@pixi/loaders/-/loaders-6.5.1.tgz#148e2d7e5b30bd81dab4941a857a01b92c5aa65e"
  integrity sha512-3a41RWFWyRtBrs/fboaFHLF7H5uof4XaWqMCxvLzfofHiz2AuiZnAx9YJAjT+RCP2uFfoU1XmDcyGdc1Q0Ib4w==

"@pixi/sprite@^6.5.1":
  version "6.5.1"
  resolved "https://registry.yarnpkg.com/@pixi/sprite/-/sprite-6.5.1.tgz#d5f27da3d872071ac9ae12c7a3ab9f8357bb9970"
  integrity sha512-r+ZI0KMhp8QK8rrxSttolAeFDum+TJtFd7itUx5tPKJscpTm/Mp5jiUJbX+pVSCkTQBqhUnZ/SbV2uJY4+E25Q==

"@pixi/spritesheet@^6.5.1":
  version "6.5.1"
  resolved "https://registry.yarnpkg.com/@pixi/spritesheet/-/spritesheet-6.5.1.tgz#6a183a8137078bb84e3a64d648ee17ef559fc416"
  integrity sha512-5hbGCvSPBEYYbD1h2kL6U4kbWc+QLOJfiEnNxTGay2uawDSU4TixhblqZJyIR9b99RuhNAhrvM7Ii1cR0Is4Yw==

"@pixi/text@^6.5.1":
  version "6.5.1"
  resolved "https://registry.yarnpkg.com/@pixi/text/-/text-6.5.1.tgz#df29fa7427c0cea34b19f4fa7c5c0857f80bc224"
  integrity sha512-vryWN5LIHqxApOnHF2ggZ8VIQcPh9mULyeQKoWMhzCp8dvlGp246W9Qwc+/FehestLk2qIWbY3Mtp+P4hYm+5w==

"@pixi/ticker@^6.5.1":
  version "6.5.1"
  resolved "https://registry.yarnpkg.com/@pixi/ticker/-/ticker-6.5.1.tgz#457bdfe9cb9215847702f961813c90ffc83ed268"
  integrity sha512-8iHP96YMv1EmrE3EWFYY2APfTNcwH5YOXxRH5KIPWSaqXmxYI9mOgfcDuejJJiWOXOOQTt7g2Ehz9TKAFDcESQ==

"@types/offscreencanvas@^2019.6.4":
  version "2019.7.0"
  resolved "https://registry.yarnpkg.com/@types/offscreencanvas/-/offscreencanvas-2019.7.0.tgz#e4a932069db47bb3eabeb0b305502d01586fa90d"
  integrity sha512-PGcyveRIpL1XIqK8eBsmRBt76eFgtzuPiSTyKHZxnGemp2yzGzWpjYKAfK3wIMiU7eH+851yEpiuP8JZerTmWg==

gsap@^3.10.4:
  version "3.10.4"
  resolved "https://registry.yarnpkg.com/gsap/-/gsap-3.10.4.tgz#db89a6b8f6d5cb76e274eae822cbc1aa4d31e88f"
  integrity sha512-6QatdkKxXCMfvCW4rM++0RqyLQAzFX5nwl3yHS0XPgkZBkiSEY3VZVbMltrdtsbER/xZonLtyHt684wRp4erlQ==

pixi@^0.3.1:
  version "0.3.1"
  resolved "https://registry.yarnpkg.com/pixi/-/pixi-0.3.1.tgz#858cd6164a32a1e4b41192cdf5c6d98209300ba8"
  integrity sha512-9ngEid+Zp6WTSnHnfy3+PX/02HXhJ3RMxolpuf7H4e8cKHl9WE3lB059v0O7op55We92ILAssAWSAQHG64cYhQ==
