# THIS IS AN AUTOGENERATED FILE. DO NOT EDIT THIS FILE DIRECTLY.
# yarn lockfile v1


"@pixi/app@^6.5.1":
  version "6.5.1"
  resolved "https://registry.yarnpkg.com/@pixi/app/-/app-6.5.1.tgz#d673fb946adc01cf6390fee9172577f1ab78e98b"
  integrity sha512-JBD5T21S2N8CVR2dXuvWzMFRNO24rbMa15qGekcItuCpw7VWe1oxEPxquxsbKlBL2Zanr+J69wW8ZIQd8yQAGA==

"@pixi/constants@^6.5.1":
  version "6.5.1"
  resolved "https://registry.yarnpkg.com/@pixi/constants/-/constants-6.5.1.tgz#a1ab02f94d0dd00fbc47d5384cce30994f014560"
  integrity sha512-xhiCvpGtWlEKEuxRjygnjtfkOxW/FFDpJpwYjygfNr2WL+K6r8dfLl5VB89Au1dtp+akRqBo9AqO5gEZ0TaXzA==

"@pixi/core@^6.5.1":
  version "6.5.1"
  resolved "https://registry.yarnpkg.com/@pixi/core/-/core-6.5.1.tgz#1b732fceeed2dba5247ace06e13f56500b230d0f"
  integrity sha512-TEn9mpidJKutmxAS4r3Yn39oZX1L2da1MVOQGQjW+NUdpGyVFweLGRPRKR+rV7xtXcU33jKDm8ZZaDgafO1hag==
  dependencies:
    "@types/offscreencanvas" "^2019.6.4"

"@pixi/display@^6.5.1":
  version "6.5.1"
  resolved "https://registry.yarnpkg.com/@pixi/display/-/display-6.5.1.tgz#5e21a794008a0d2359fbee784b2e8a6baa7e1c43"
  integrity sha512-2NzEEaqdKHNpLwJxOsVq1VIYozNGfq4RCLEiXN90CVIp8021i6Fzr0JoVx16Eio3rSBXk9xMmSdw3esEtf8Bmw==

"@pixi/graphics@^6.5.1":
  version "6.5.1"
  resolved "https://registry.yarnpkg.com/@pixi/graphics/-/graphics-6.5.1.tgz#6b1d783c36333358e18ddab3017a554380b8b1bf"
  integrity sha512-LeFdpmbWHZWH8ub7AqF3sKDbSvlYoGDa8029vcPJpgwDE7hrCTRX0Lgbr+xkgPu99jZKJrW4pbRTr+QGckkH1Q==

"@pixi/interaction@^6.5.1":
  version "6.5.1"
  resolved "https://registry.yarnpkg.com/@pixi/interaction/-/interaction-6.5.1.tgz#ba28d61144aa88b88dbb36238cabdf59b03fa201"
  integrity sha512-JVQ4SAr1ykE7nJZpoROnexscRI8QYx5T8fyXwVlXxAFdpX5mtBqOlCpYOVCs8wtu6dP0R7EDlfpf5ARh1JZwvQ==

"@pixi/loaders@^6.5.1":
  version "6.5.1"
  resolved "https://registry.yarnpkg.com/@pixi/loaders/-/loaders-6.5.1.tgz#148e2d7e5b30bd81dab4941a857a01b92c5aa65e"
  integrity sha512-3a41RWFWyRtBrs/fboaFHLF7H5uof4XaWqMCxvLzfofHiz2AuiZnAx9YJAjT+RCP2uFfoU1XmDcyGdc1Q0Ib4w==

"@pixi/math-extras@^6.5.1":
  version "6.5.1"
  resolved "https://registry.yarnpkg.com/@pixi/math-extras/-/math-extras-6.5.1.tgz#3c39081a194f56a9eeb614d193c46b47643160e1"
  integrity sha512-PgzUKth1PGNK1doYCu9gR6G18dYwSFrG1i1y1+q2AVK9iWb59LqpcFf7Dq24jjGDAS5l9EGkpChvXr8K9WBvbw==

"@pixi/math@^6.5.1":
  version "6.5.1"
  resolved "https://registry.yarnpkg.com/@pixi/math/-/math-6.5.1.tgz#16213190e19400a77067442406e0e5ef206c3cd7"
  integrity sha512-r5N18EBxEO4ZdeQ6e3T00Qe9YXOG1vto0fgAT4jHwxBfBn0LrY8FIiF6yi6r8af2hU6LrzNdE2nO+0kYPzR5Lw==

"@pixi/mesh-extras@^6.5.1":
  version "6.5.1"
  resolved "https://registry.yarnpkg.com/@pixi/mesh-extras/-/mesh-extras-6.5.1.tgz#c5a14e4075f2d4db103f4a5beb4f3eebf0812929"
  integrity sha512-Q7Zl1emYr16ZRpAKJKSnGe4AdAwj1mAG3lS5cu2rxSyTQypiFzdC6TnU4XZlGAPE7V+hvlPmSjOwhIzVXgTJ4Q==

"@pixi/sprite-animated@^6.5.1":
  version "6.5.1"
  resolved "https://registry.yarnpkg.com/@pixi/sprite-animated/-/sprite-animated-6.5.1.tgz#486841644d0281d69a99a1d132c40a2caea8b9fb"
  integrity sha512-roaU01nSQtHx7302/7gueOooSsAsiSq2QVzd06SCSBIiGAg5GY5amEhkS9YHp+o97c3irimPgdcGS5/CBkSFtg==

"@pixi/sprite-tiling@^6.5.1":
  version "6.5.1"
  resolved "https://registry.yarnpkg.com/@pixi/sprite-tiling/-/sprite-tiling-6.5.1.tgz#033aa900fa27e6198d71f48291b7aa76664e9119"
  integrity sha512-ZnABiAv1Ss+wq/kX03DZNDNnBOn18gcOmJY/yzOwLgESvs9FWT3nEQA3ntK36uHDhqBFkzcPuAxkCPDHuIsceA==

"@pixi/sprite@^6.5.1":
  version "6.5.1"
  resolved "https://registry.yarnpkg.com/@pixi/sprite/-/sprite-6.5.1.tgz#d5f27da3d872071ac9ae12c7a3ab9f8357bb9970"
  integrity sha512-r+ZI0KMhp8QK8rrxSttolAeFDum+TJtFd7itUx5tPKJscpTm/Mp5jiUJbX+pVSCkTQBqhUnZ/SbV2uJY4+E25Q==

"@pixi/spritesheet@^6.5.1":
  version "6.5.1"
  resolved "https://registry.yarnpkg.com/@pixi/spritesheet/-/spritesheet-6.5.1.tgz#6a183a8137078bb84e3a64d648ee17ef559fc416"
  integrity sha512-5hbGCvSPBEYYbD1h2kL6U4kbWc+QLOJfiEnNxTGay2uawDSU4TixhblqZJyIR9b99RuhNAhrvM7Ii1cR0Is4Yw==

"@pixi/text@^6.5.1":
  version "6.5.1"
  resolved "https://registry.yarnpkg.com/@pixi/text/-/text-6.5.1.tgz#df29fa7427c0cea34b19f4fa7c5c0857f80bc224"
  integrity sha512-vryWN5LIHqxApOnHF2ggZ8VIQcPh9mULyeQKoWMhzCp8dvlGp246W9Qwc+/FehestLk2qIWbY3Mtp+P4hYm+5w==

"@pixi/ticker@^6.5.1":
  version "6.5.1"
  resolved "https://registry.yarnpkg.com/@pixi/ticker/-/ticker-6.5.1.tgz#457bdfe9cb9215847702f961813c90ffc83ed268"
  integrity sha512-8iHP96YMv1EmrE3EWFYY2APfTNcwH5YOXxRH5KIPWSaqXmxYI9mOgfcDuejJJiWOXOOQTt7g2Ehz9TKAFDcESQ==

"@pixi/utils@^6.5.1":
  version "6.5.1"
  resolved "https://registry.yarnpkg.com/@pixi/utils/-/utils-6.5.1.tgz#fd1d96cbd37e708ae8bec75eba35f44f0a50c258"
  integrity sha512-bmnvajwmY2cXU3NAD6cFjUk/mrrF+SVGHURpHHiBk26/EBgm5CSHpBS9s3PhSuJ0F23KGdhOJYLqu8urcWFDZA==
  dependencies:
    "@types/earcut" "^2.1.0"
    earcut "^2.2.4"
    eventemitter3 "^3.1.0"
    url "^0.11.0"

"@types/earcut@^2.1.0":
  version "2.1.1"
  resolved "https://registry.yarnpkg.com/@types/earcut/-/earcut-2.1.1.tgz#573a0af609f17005c751f6f4ffec49cfe358ea51"
  integrity sha512-w8oigUCDjElRHRRrMvn/spybSMyX8MTkKA5Dv+tS1IE/TgmNZPqUYtvYBXGY8cieSE66gm+szeK+bnbxC2xHTQ==

"@types/offscreencanvas@^2019.6.4":
  version "2019.7.0"
  resolved "https://registry.yarnpkg.com/@types/offscreencanvas/-/offscreencanvas-2019.7.0.tgz#e4a932069db47bb3eabeb0b305502d01586fa90d"
  integrity sha512-PGcyveRIpL1XIqK8eBsmRBt76eFgtzuPiSTyKHZxnGemp2yzGzWpjYKAfK3wIMiU7eH+851yEpiuP8JZerTmWg==

earcut@^2.2.4:
  version "2.2.4"
  resolved "https://registry.yarnpkg.com/earcut/-/earcut-2.2.4.tgz#6d02fd4d68160c114825d06890a92ecaae60343a"
  integrity sha512-/pjZsA1b4RPHbeWZQn66SWS8nZZWLQQ23oE3Eam7aroEFGEvwKAsJfZ9ytiEMycfzXWpca4FA9QIOehf7PocBQ==

eventemitter3@^3.1.0:
  version "3.1.2"
  resolved "https://registry.yarnpkg.com/eventemitter3/-/eventemitter3-3.1.2.tgz#2d3d48f9c346698fce83a85d7d664e98535df6e7"
  integrity sha512-tvtQIeLVHjDkJYnzf2dgVMxfuSGJeM/7UCG17TT4EumTfNtF+0nebF/4zWOIkCreAbtNqhGEboB6BWrwqNaw4Q==

eventemitter3@^4.0.7:
  version "4.0.7"
  resolved "https://registry.yarnpkg.com/eventemitter3/-/eventemitter3-4.0.7.tgz#2de9b68f6528d5644ef5c59526a1b4a07306169f"
  integrity sha512-8guHBZCwKnFhYdHr2ysuRWErTwhoN2X8XELRlrRwpmfeY2jjuUN4taQMsULKUVo1K4DvZl+0pgfyoysHxvmvEw==

gsap@^3.10.4:
  version "3.10.4"
  resolved "https://registry.yarnpkg.com/gsap/-/gsap-3.10.4.tgz#db89a6b8f6d5cb76e274eae822cbc1aa4d31e88f"
  integrity sha512-6QatdkKxXCMfvCW4rM++0RqyLQAzFX5nwl3yHS0XPgkZBkiSEY3VZVbMltrdtsbER/xZonLtyHt684wRp4erlQ==

pixi@^0.3.1:
  version "0.3.1"
  resolved "https://registry.yarnpkg.com/pixi/-/pixi-0.3.1.tgz#858cd6164a32a1e4b41192cdf5c6d98209300ba8"
  integrity sha512-9ngEid+Zp6WTSnHnfy3+PX/02HXhJ3RMxolpuf7H4e8cKHl9WE3lB059v0O7op55We92ILAssAWSAQHG64cYhQ==

punycode@1.3.2:
  version "1.3.2"
  resolved "https://registry.yarnpkg.com/punycode/-/punycode-1.3.2.tgz#9653a036fb7c1ee42342f2325cceefea3926c48d"
  integrity sha512-RofWgt/7fL5wP1Y7fxE7/EmTLzQVnB0ycyibJ0OOHIlJqTNzglYFxVwETOcIoJqJmpDXJ9xImDv+Fq34F/d4Dw==

querystring@0.2.0:
  version "0.2.0"
  resolved "https://registry.yarnpkg.com/querystring/-/querystring-0.2.0.tgz#b209849203bb25df820da756e747005878521620"
  integrity sha512-X/xY82scca2tau62i9mDyU9K+I+djTMUsvwf7xnUX5GLvVzgJybOJf4Y6o9Zx3oJK/LSXg5tTZBjwzqVPaPO2g==

type-fest@^2.18.0:
  version "2.18.0"
  resolved "https://registry.yarnpkg.com/type-fest/-/type-fest-2.18.0.tgz#fdef3a74e0a9e68ebe46054836650fb91ac3881e"
  integrity sha512-pRS+/yrW5TjPPHNOvxhbNZexr2bS63WjrMU8a+VzEBhUi9Tz1pZeD+vQz3ut0svZ46P+SRqMEPnJmk2XnvNzTw==

url@^0.11.0:
  version "0.11.0"
  resolved "https://registry.yarnpkg.com/url/-/url-0.11.0.tgz#3838e97cfc60521eb73c525a8e55bfdd9e2e28f1"
  integrity sha512-kbailJa29QrtXnxgq+DdCEGlbTeYM2eJUxsz6vjZavrCYPMIFHMKQmSKYAIuUK2i7hgPm28a8piX5NTUtM/LKQ==
  dependencies:
    punycode "1.3.2"
    querystring "0.2.0"
